// !$*UTF8*$!
{
	archiveVersion = 1;
	classes = {
	};
	objectVersion = 77;
	objects = {

/* Begin PBXBuildFile section */
		B6630EBC2F77C8C800FD6BC5 /* Assets.xcassets in Resources */ = {isa = PBXBuildFile; fileRef = B6630EBB2F77C8C800FD6BC5 /* Assets.xcassets */; };
		B6630ED52F77D86400FD6BC5 /* NotificationManager.swift in Sources */ = {isa = PBXBuildFile; fileRef = B6630ED22F77D86400FD6BC5 /* NotificationManager.swift */; };
		B6630ED62F77D86400FD6BC5 /* MenuBarView.swift in Sources */ = {isa = PBXBuildFile; fileRef = B6630ED02F77D86400FD6BC5 /* MenuBarView.swift */; };
		B6630ED72F77D86400FD6BC5 /* Models.swift in Sources */ = {isa = PBXBuildFile; fileRef = B6630ED12F77D86400FD6BC5 /* Models.swift */; };
		B6630ED82F77D86400FD6BC5 /* PostureTimerApp.swift in Sources */ = {isa = PBXBuildFile; fileRef = B6630ED32F77D86400FD6BC5 /* PostureTimerApp.swift */; };
		B6630ED92F77D86400FD6BC5 /* TimerManager.swift in Sources */ = {isa = PBXBuildFile; fileRef = B6630ED42F77D86400FD6BC5 /* TimerManager.swift */; };
		B6630EDC2F780F9A00FD6BC5 /* SettingsViews.swift in Sources */ = {isa = PBXBuildFile; fileRef = B6630EDB2F780F9A00FD6BC5 /* SettingsViews.swift */; };
		B6630EDE2F7FCA7D00FD6BC5 /* HotkeyManager.swift in Sources */ = {isa = PBXBuildFile; fileRef = B6630EDD2F7FCA7D00FD6BC5 /* HotkeyManager.swift */; };
		B6630EE02F80CE0500FD6BC5 /* LaunchAtLoginManager.swift in Sources */ = {isa = PBXBuildFile; fileRef = B6630EDF2F80CE0500FD6BC5 /* LaunchAtLoginManager.swift */; };
/* End PBXBuildFile section */

/* Begin PBXFileReference section */
		B6630EB42F77C8C500FD6BC5 /* PostureTimer.app */ = {isa = PBXFileReference; explicitFileType = wrapper.application; includeInIndex = 0; path = PostureTimer.app; sourceTree = BUILT_PRODUCTS_DIR; };
		B6630EBB2F77C8C800FD6BC5 /* Assets.xcassets */ = {isa = PBXFileReference; lastKnownFileType = folder.assetcatalog; path = Assets.xcassets; sourceTree = "<group>"; };
		B6630ED02F77D86400FD6BC5 /* MenuBarView.swift */ = {isa = PBXFileReference; lastKnownFileType = sourcecode.swift; name = MenuBarView.swift; path = swift/Sources/PostureTimer/MenuBarView.swift; sourceTree = "<group>"; };
		B6630ED12F77D86400FD6BC5 /* Models.swift */ = {isa = PBXFileReference; lastKnownFileType = sourcecode.swift; name = Models.swift; path = swift/Sources/PostureTimer/Models.swift; sourceTree = "<group>"; };
		B6630ED22F77D86400FD6BC5 /* NotificationManager.swift */ = {isa = PBXFileReference; lastKnownFileType = sourcecode.swift; name = NotificationManager.swift; path = swift/Sources/PostureTimer/NotificationManager.swift; sourceTree = "<group>"; };
		B6630ED32F77D86400FD6BC5 /* PostureTimerApp.swift */ = {isa = PBXFileReference; lastKnownFileType = sourcecode.swift; name = PostureTimerApp.swift; path = swift/Sources/PostureTimer/PostureTimerApp.swift; sourceTree = "<group>"; };
		B6630ED42F77D86400FD6BC5 /* TimerManager.swift */ = {isa = PBXFileReference; lastKnownFileType = sourcecode.swift; name = TimerManager.swift; path = swift/Sources/PostureTimer/TimerManager.swift; sourceTree = "<group>"; };
		B6630EDB2F780F9A00FD6BC5 /* SettingsViews.swift */ = {isa = PBXFileReference; lastKnownFileType = sourcecode.swift; name = SettingsViews.swift; path = swift/Sources/PostureTimer/SettingsViews.swift; sourceTree = "<group>"; };
		B6630EDD2F7FCA7D00FD6BC5 /* HotkeyManager.swift */ = {isa = PBXFileReference; lastKnownFileType = sourcecode.swift; name = HotkeyManager.swift; path = swift/Sources/PostureTimer/HotkeyManager.swift; sourceTree = "<group>"; };
		B6630EDF2F80CE0500FD6BC5 /* LaunchAtLoginManager.swift */ = {isa = PBXFileReference; lastKnownFileType = sourcecode.swift; name = LaunchAtLoginManager.swift; path = swift/Sources/PostureTimer/LaunchAtLoginManager.swift; sourceTree = "<group>"; };
/* End PBXFileReference section */

/* Begin PBXFrameworksBuildPhase section */
		B6630EB12F77C8C500FD6BC5 /* Frameworks */ = {
			isa = PBXFrameworksBuildPhase;
			buildActionMask = 2147483647;
			files = (
			);
			runOnlyForDeploymentPostprocessing = 0;
		};
/* End PBXFrameworksBuildPhase section */

/* Begin PBXGroup section */
		B6630EAB2F77C8C500FD6BC5 = {
			isa = PBXGroup;
			children = (
				B6630EDF2F80CE0500FD6BC5 /* LaunchAtLoginManager.swift */,
				B6630EDD2F7FCA7D00FD6BC5 /* HotkeyManager.swift */,
				B6630EBB2F77C8C800FD6BC5 /* Assets.xcassets */,
				B6630ED02F77D86400FD6BC5 /* MenuBarView.swift */,
				B6630ED12F77D86400FD6BC5 /* Models.swift */,
				B6630ED22F77D86400FD6BC5 /* NotificationManager.swift */,
				B6630ED32F77D86400FD6BC5 /* PostureTimerApp.swift */,
				B6630EDB2F780F9A00FD6BC5 /* SettingsViews.swift */,
				B6630ED42F77D86400FD6BC5 /* TimerManager.swift */,
				B6630EB52F77C8C500FD6BC5 /* Products */,
			);
			sourceTree = "<group>";
		};
		B6630EB52F77C8C500FD6BC5 /* Products */ = {
			isa = PBXGroup;
			children = (
				B6630EB42F77C8C500FD6BC5 /* PostureTimer.app */,
			);
			name = Products;
			sourceTree = "<group>";
		};
/* End PBXGroup section */

/* Begin PBXNativeTarget section */
		B6630EB32F77C8C500FD6BC5 /* PostureTimer */ = {
			isa = PBXNativeTarget;
			buildConfigurationList = B6630EBF2F77C8C800FD6BC5 /* Build configuration list for PBXNativeTarget "PostureTimer" */;
			buildPhases = (
				B6630EB02F77C8C500FD6BC5 /* Sources */,
				B6630EB12F77C8C500FD6BC5 /* Frameworks */,
				B6630EB22F77C8C500FD6BC5 /* Resources */,
			);
			buildRules = (
			);
			dependencies = (
			);
			name = PostureTimer;
			packageProductDependencies = (
			);
			productName = PostureTimer;
			productReference = B6630EB42F77C8C500FD6BC5 /* PostureTimer.app */;
			productType = "com.apple.product-type.application";
		};
/* End PBXNativeTarget section */

/* Begin PBXProject section */
		B6630EAC2F77C8C500FD6BC5 /* Project object */ = {
			isa = PBXProject;
			attributes = {
				BuildIndependentTargetsInParallel = 1;
				LastSwiftUpdateCheck = 2640;
				LastUpgradeCheck = 2640;
				TargetAttributes = {
					B6630EB32F77C8C500FD6BC5 = {
						CreatedOnToolsVersion = 26.4;
						LastSwiftMigration = 2640;
					};
				};
			};
			buildConfigurationList = B6630EAF2F77C8C500FD6BC5 /* Build configuration list for PBXProject "PostureTimer" */;
			developmentRegion = en;
			hasScannedForEncodings = 0;
			knownRegions = (
				en,
				Base,
			);
			mainGroup = B6630EAB2F77C8C500FD6BC5;
			minimizedProjectReferenceProxies = 1;
			preferredProjectObjectVersion = 77;
			productRefGroup = B6630EB52F77C8C500FD6BC5 /* Products */;
			projectDirPath = "";
			projectRoot = "";
			targets = (
				B6630EB32F77C8C500FD6BC5 /* PostureTimer */,
			);
		};
/* End PBXProject section */

/* Begin PBXResourcesBuildPhase section */
		B6630EB22F77C8C500FD6BC5 /* Resources */ = {
			isa = PBXResourcesBuildPhase;
			buildActionMask = 2147483647;
			files = (
				B6630EBC2F77C8C800FD6BC5 /* Assets.xcassets in Resources */,
			);
			runOnlyForDeploymentPostprocessing = 0;
		};
/* End PBXResourcesBuildPhase section */

/* Begin PBXSourcesBuildPhase section */
		B6630EB02F77C8C500FD6BC5 /* Sources */ = {
			isa = PBXSourcesBuildPhase;
			buildActionMask = 2147483647;
			files = (
				B6630ED52F77D86400FD6BC5 /* NotificationManager.swift in Sources */,
				B6630ED62F77D86400FD6BC5 /* MenuBarView.swift in Sources */,
				B6630ED72F77D86400FD6BC5 /* Models.swift in Sources */,
				B6630ED82F77D86400FD6BC5 /* PostureTimerApp.swift in Sources */,
				B6630ED92F77D86400FD6BC5 /* TimerManager.swift in Sources */,
				B6630EE02F80CE0500FD6BC5 /* LaunchAtLoginManager.swift in Sources */,
				B6630EDE2F7FCA7D00FD6BC5 /* HotkeyManager.swift in Sources */,
				B6630EDC2F780F9A00FD6BC5 /* SettingsViews.swift in Sources */,
			);
			runOnlyForDeploymentPostprocessing = 0;
		};
/* End PBXSourcesBuildPhase section */

/* Begin XCBuildConfiguration section */
		B6630EBD2F77C8C800FD6BC5 /* Debug */ = {
			isa = XCBuildConfiguration;
			buildSettings = {
				ALWAYS_SEARCH_USER_PATHS = NO;
				ASSETCATALOG_COMPILER_GENERATE_SWIFT_ASSET_SYMBOL_EXTENSIONS = YES;
				CLANG_ANALYZER_NONNULL = YES;
				CLANG_ANALYZER_NUMBER_OBJECT_CONVERSION = YES_AGGRESSIVE;
				CLANG_CXX_LANGUAGE_STANDARD = "gnu++20";
				CLANG_ENABLE_MODULES = YES;
				CLANG_ENABLE_OBJC_ARC = YES;
				CLANG_ENABLE_OBJC_WEAK = YES;
				CLANG_WARN_BLOCK_CAPTURE_AUTORELEASING = YES;
				CLANG_WARN_BOOL_CONVERSION = YES;
				CLANG_WARN_COMMA = YES;
				CLANG_WARN_CONSTANT_CONVERSION = YES;
				CLANG_WARN_DEPRECATED_OBJC_IMPLEMENTATIONS = YES;
				CLANG_WARN_DIRECT_OBJC_ISA_USAGE = YES_ERROR;
				CLANG_WARN_DOCUMENTATION_COMMENTS = YES;
				CLANG_WARN_EMPTY_BODY = YES;
				CLANG_WARN_ENUM_CONVERSION = YES;
				CLANG_WARN_INFINITE_RECURSION = YES;
				CLANG_WARN_INT_CONVERSION = YES;
				CLANG_WARN_NON_LITERAL_NULL_CONVERSION = YES;
				CLANG_WARN_OBJC_IMPLICIT_RETAIN_SELF = YES;
				CLANG_WARN_OBJC_LITERAL_CONVERSION = YES;
				CLANG_WARN_OBJC_ROOT_CLASS = YES_ERROR;
				CLANG_WARN_QUOTED_INCLUDE_IN_FRAMEWORK_HEADER = YES;
				CLANG_WARN_RANGE_LOOP_ANALYSIS = YES;
				CLANG_WARN_STRICT_PROTOTYPES = YES;
				CLANG_WARN_SUSPICIOUS_MOVE = YES;
				CLANG_WARN_UNGUARDED_AVAILABILITY = YES_AGGRESSIVE;
				CLANG_WARN_UNREACHABLE_CODE = YES;
				CLANG_WARN__DUPLICATE_METHOD_MATCH = YES;
				CODE_SIGN_IDENTITY = "Sign to Run Locally";
				CODE_SIGN_STYLE = Manual;
				COPY_PHASE_STRIP = NO;
				DEBUG_INFORMATION_FORMAT = dwarf;
				ENABLE_STRICT_OBJC_MSGSEND = YES;
				ENABLE_TESTABILITY = YES;
				ENABLE_USER_SCRIPT_SANDBOXING = YES;
				GCC_C_LANGUAGE_STANDARD = gnu17;
				GCC_DYNAMIC_NO_PIC = NO;
				GCC_NO_COMMON_BLOCKS = YES;
				GCC_OPTIMIZATION_LEVEL = 0;
				GCC_PREPROCESSOR_DEFINITIONS = (
					"DEBUG=1",
					"$(inherited)",
				);
				GCC_WARN_64_TO_32_BIT_CONVERSION = YES;
				GCC_WARN_ABOUT_RETURN_TYPE = YES_ERROR;
				GCC_WARN_UNDECLARED_SELECTOR = YES;
				GCC_WARN_UNINITIALIZED_AUTOS = YES_AGGRESSIVE;
				GCC_WARN_UNUSED_FUNCTION = YES;
				GCC_WARN_UNUSED_VARIABLE = YES;
				IPHONEOS_DEPLOYMENT_TARGET = 26.4;
				LOCALIZATION_PREFERS_STRING_CATALOGS = YES;
				MTL_ENABLE_DEBUG_INFO = INCLUDE_SOURCE;
				MTL_FAST_MATH = YES;
				ONLY_ACTIVE_ARCH = YES;
				SDKROOT = iphoneos;
				SWIFT_ACTIVE_COMPILATION_CONDITIONS = "DEBUG $(inherited)";
				SWIFT_OPTIMIZATION_LEVEL = "-Onone";
			};
			name = Debug;
		};
		B6630EBE2F77C8C800FD6BC5 /* Release */ = {
			isa = XCBuildConfiguration;
			buildSettings = {
				ALWAYS_SEARCH_USER_PATHS = NO;
				ASSETCATALOG_COMPILER_GENERATE_SWIFT_ASSET_SYMBOL_EXTENSIONS = YES;
				CLANG_ANALYZER_NONNULL = YES;
				CLANG_ANALYZER_NUMBER_OBJECT_CONVERSION = YES_AGGRESSIVE;
				CLANG_CXX_LANGUAGE_STANDARD = "gnu++20";
				CLANG_ENABLE_MODULES = YES;
				CLANG_ENABLE_OBJC_ARC = YES;
				CLANG_ENABLE_OBJC_WEAK = YES;
				CLANG_WARN_BLOCK_CAPTURE_AUTORELEASING = YES;
				CLANG_WARN_BOOL_CONVERSION = YES;
				CLANG_WARN_COMMA = YES;
				CLANG_WARN_CONSTANT_CONVERSION = YES;
				CLANG_WARN_DEPRECATED_OBJC_IMPLEMENTATIONS = YES;
				CLANG_WARN_DIRECT_OBJC_ISA_USAGE = YES_ERROR;
				CLANG_WARN_DOCUMENTATION_COMMENTS = YES;
				CLANG_WARN_EMPTY_BODY = YES;
				CLANG_WARN_ENUM_CONVERSION = YES;
				CLANG_WARN_INFINITE_RECURSION = YES;
				CLANG_WARN_INT_CONVERSION = YES;
				CLANG_WARN_NON_LITERAL_NULL_CONVERSION = YES;
				CLANG_WARN_OBJC_IMPLICIT_RETAIN_SELF = YES;
				CLANG_WARN_OBJC_LITERAL_CONVERSION = YES;
				CLANG_WARN_OBJC_ROOT_CLASS = YES_ERROR;
				CLANG_WARN_QUOTED_INCLUDE_IN_FRAMEWORK_HEADER = YES;
				CLANG_WARN_RANGE_LOOP_ANALYSIS = YES;
				CLANG_WARN_STRICT_PROTOTYPES = YES;
				CLANG_WARN_SUSPICIOUS_MOVE = YES;
				CLANG_WARN_UNGUARDED_AVAILABILITY = YES_AGGRESSIVE;
				CLANG_WARN_UNREACHABLE_CODE = YES;
				CLANG_WARN__DUPLICATE_METHOD_MATCH = YES;
				CODE_SIGN_IDENTITY = "Sign to Run Locally";
				CODE_SIGN_STYLE = Manual;
				COPY_PHASE_STRIP = NO;
				DEBUG_INFORMATION_FORMAT = "dwarf-with-dsym";
				ENABLE_NS_ASSERTIONS = NO;
				ENABLE_STRICT_OBJC_MSGSEND = YES;
				ENABLE_USER_SCRIPT_SANDBOXING = YES;
				GCC_C_LANGUAGE_STANDARD = gnu17;
				GCC_NO_COMMON_BLOCKS = YES;
				GCC_WARN_64_TO_32_BIT_CONVERSION = YES;
				GCC_WARN_ABOUT_RETURN_TYPE = YES_ERROR;
				GCC_WARN_UNDECLARED_SELECTOR = YES;
				GCC_WARN_UNINITIALIZED_AUTOS = YES_AGGRESSIVE;
				GCC_WARN_UNUSED_FUNCTION = YES;
				GCC_WARN_UNUSED_VARIABLE = YES;
				IPHONEOS_DEPLOYMENT_TARGET = 26.4;
				LOCALIZATION_PREFERS_STRING_CATALOGS = YES;
				MTL_ENABLE_DEBUG_INFO = NO;
				MTL_FAST_MATH = YES;
				SDKROOT = iphoneos;
				SWIFT_COMPILATION_MODE = wholemodule;
				VALIDATE_PRODUCT = YES;
			};
			name = Release;
		};
		B6630EC02F77C8C800FD6BC5 /* Debug */ = {
			isa = XCBuildConfiguration;
			buildSettings = {
				ASSETCATALOG_COMPILER_APPICON_NAME = AppIcon;
				ASSETCATALOG_COMPILER_GLOBAL_ACCENT_COLOR_NAME = AccentColor;
				CLANG_ENABLE_MODULES = YES;
				CODE_SIGN_IDENTITY = "Apple Development";
				CODE_SIGN_STYLE = Automatic;
				CURRENT_PROJECT_VERSION = 1;
				DEVELOPMENT_TEAM = D8J44YKP23;
				ENABLE_APP_SANDBOX = YES;
				ENABLE_HARDENED_RUNTIME = YES;
				ENABLE_OUTGOING_NETWORK_CONNECTIONS = YES;
				ENABLE_PREVIEWS = YES;
				GENERATE_INFOPLIST_FILE = YES;
				INFOPLIST_KEY_LSUIElement = YES;
				INFOPLIST_KEY_NSHumanReadableCopyright = "Copyright (c) 2026 ykich";
				INFOPLIST_KEY_UIApplicationSceneManifest_Generation = YES;
				INFOPLIST_KEY_UIApplicationSupportsIndirectInputEvents = YES;
				INFOPLIST_KEY_UILaunchScreen_Generation = YES;
				INFOPLIST_KEY_UISupportedInterfaceOrientations_iPad = "UIInterfaceOrientationPortrait UIInterfaceOrientationPortraitUpsideDown UIInterfaceOrientationLandscapeLeft UIInterfaceOrientationLandscapeRight";
				INFOPLIST_KEY_UISupportedInterfaceOrientations_iPhone = "UIInterfaceOrientationPortrait UIInterfaceOrientationLandscapeLeft UIInterfaceOrientationLandscapeRight";
				LD_RUNPATH_SEARCH_PATHS = (
					"$(inherited)",
					"@executable_path/Frameworks",
				);
				MACOSX_DEPLOYMENT_TARGET = 13.0;
				MARKETING_VERSION = 1.1.0;
				PRODUCT_BUNDLE_IDENTIFIER = work.ykich.PostureTimer;
				PRODUCT_NAME = "$(TARGET_NAME)";
				PROVISIONING_PROFILE_SPECIFIER = "";
				REGISTER_APP_GROUPS = YES;
				STRING_CATALOG_GENERATE_SYMBOLS = YES;
				SUPPORTED_PLATFORMS = macosx;
				SUPPORTS_MACCATALYST = NO;
				SUPPORTS_MAC_DESIGNED_FOR_IPHONE_IPAD = NO;
				SUPPORTS_XR_DESIGNED_FOR_IPHONE_IPAD = NO;
				SWIFT_APPROACHABLE_CONCURRENCY = YES;
				SWIFT_DEFAULT_ACTOR_ISOLATION = MainActor;
				SWIFT_EMIT_LOC_STRINGS = YES;
				SWIFT_INSTALL_OBJC_HEADER = YES;
				SWIFT_OBJC_BRIDGING_HEADER = "";
				SWIFT_OPTIMIZATION_LEVEL = "-Onone";
				SWIFT_UPCOMING_FEATURE_MEMBER_IMPORT_VISIBILITY = YES;
				SWIFT_VERSION = 5.0;
			};
			name = Debug;
		};
		B6630EC12F77C8C800FD6BC5 /* Release */ = {
			isa = XCBuildConfiguration;
			buildSettings = {
				ASSETCATALOG_COMPILER_APPICON_NAME = AppIcon;
				ASSETCATALOG_COMPILER_GLOBAL_ACCENT_COLOR_NAME = AccentColor;
				CLANG_ENABLE_MODULES = YES;
				CODE_SIGN_IDENTITY = "Apple Development";
				CODE_SIGN_STYLE = Automatic;
				CURRENT_PROJECT_VERSION = 1;
				DEVELOPMENT_TEAM = D8J44YKP23;
				ENABLE_APP_SANDBOX = YES;
				ENABLE_HARDENED_RUNTIME = YES;
				ENABLE_OUTGOING_NETWORK_CONNECTIONS = YES;
				ENABLE_PREVIEWS = YES;
				GENERATE_INFOPLIST_FILE = YES;
				INFOPLIST_KEY_LSUIElement = YES;
				INFOPLIST_KEY_NSHumanReadableCopyright = "Copyright (c) 2026 ykich";
				INFOPLIST_KEY_UIApplicationSceneManifest_Generation = YES;
				INFOPLIST_KEY_UIApplicationSupportsIndirectInputEvents = YES;
				INFOPLIST_KEY_UILaunchScreen_Generation = YES;
				INFOPLIST_KEY_UISupportedInterfaceOrientations_iPad = "UIInterfaceOrientationPortrait UIInterfaceOrientationPortraitUpsideDown UIInterfaceOrientationLandscapeLeft UIInterfaceOrientationLandscapeRight";
				INFOPLIST_KEY_UISupportedInterfaceOrientations_iPhone = "UIInterfaceOrientationPortrait UIInterfaceOrientationLandscapeLeft UIInterfaceOrientationLandscapeRight";
				LD_RUNPATH_SEARCH_PATHS = (
					"$(inherited)",
					"@executable_path/Frameworks",
				);
				MACOSX_DEPLOYMENT_TARGET = 13.0;
				MARKETING_VERSION = 1.1.0;
				PRODUCT_BUNDLE_IDENTIFIER = work.ykich.PostureTimer;
				PRODUCT_NAME = "$(TARGET_NAME)";
				PROVISIONING_PROFILE_SPECIFIER = "";
				REGISTER_APP_GROUPS = YES;
				STRING_CATALOG_GENERATE_SYMBOLS = YES;
				SUPPORTED_PLATFORMS = macosx;
				SUPPORTS_MACCATALYST = NO;
				SUPPORTS_MAC_DESIGNED_FOR_IPHONE_IPAD = NO;
				SUPPORTS_XR_DESIGNED_FOR_IPHONE_IPAD = NO;
				SWIFT_APPROACHABLE_CONCURRENCY = YES;
				SWIFT_DEFAULT_ACTOR_ISOLATION = MainActor;
				SWIFT_EMIT_LOC_STRINGS = YES;
				SWIFT_INSTALL_OBJC_HEADER = YES;
				SWIFT_OBJC_BRIDGING_HEADER = "";
				SWIFT_UPCOMING_FEATURE_MEMBER_IMPORT_VISIBILITY = YES;
				SWIFT_VERSION = 5.0;
			};
			name = Release;
		};
/* End XCBuildConfiguration section */

/* Begin XCConfigurationList section */
		B6630EAF2F77C8C500FD6BC5 /* Build configuration list for PBXProject "PostureTimer" */ = {
			isa = XCConfigurationList;
			buildConfigurations = (
				B6630EBD2F77C8C800FD6BC5 /* Debug */,
				B6630EBE2F77C8C800FD6BC5 /* Release */,
			);
			defaultConfigurationIsVisible = 0;
			defaultConfigurationName = Release;
		};
		B6630EBF2F77C8C800FD6BC5 /* Build configuration list for PBXNativeTarget "PostureTimer" */ = {
			isa = XCConfigurationList;
			buildConfigurations = (
				B6630EC02F77C8C800FD6BC5 /* Debug */,
				B6630EC12F77C8C800FD6BC5 /* Release */,
			);
			defaultConfigurationIsVisible = 0;
			defaultConfigurationName = Release;
		};
/* End XCConfigurationList section */
	};
	rootObject = B6630EAC2F77C8C500FD6BC5 /* Project object */;
}
